
Microsoft Visual Studio Solution File, Format Version 12.00
# Visual Studio 14
VisualStudioVersion = 14.0.25420.1
MinimumVisualStudioVersion = 10.0.40219.1
Project("{FAE04EC0-301F-11D3-BF4B-00C04F79EFBC}") = "Homepwner.Xamarin.iOS", "Homepwner.Xamarin.iOS\Homepwner.Xamarin.iOS.csproj", "{421B07C3-CC11-4FD1-B929-711AA5A57DFB}"
EndProject
Project("{FAE04EC0-301F-11D3-BF4B-00C04F79EFBC}") = "Homepwner.API", "Homepwner.API\Homepwner.API.csproj", "{44D31BB3-5C76-4458-A3D0-0ECE60156D1E}"
EndProject
Global
	GlobalSection(SolutionConfigurationPlatforms) = preSolution
		Ad-Hoc|Any CPU = Ad-Hoc|Any CPU
		Ad-Hoc|iPhone = Ad-Hoc|iPhone
		Ad-Hoc|iPhoneSimulator = Ad-Hoc|iPhoneSimulator
		AppStore|Any CPU = AppStore|Any CPU
		AppStore|iPhone = AppStore|iPhone
		AppStore|iPhoneSimulator = AppStore|iPhoneSimulator
		Debug|Any CPU = Debug|Any CPU
		Debug|iPhone = Debug|iPhone
		Debug|iPhoneSimulator = Debug|iPhoneSimulator
		Release|Any CPU = Release|Any CPU
		Release|iPhone = Release|iPhone
		Release|iPhoneSimulator = Release|iPhoneSimulator
	EndGlobalSection
	GlobalSection(ProjectConfigurationPlatforms) = postSolution
		{421B07C3-CC11-4FD1-B929-711AA5A57DFB}.Ad-Hoc|Any CPU.ActiveCfg = Ad-Hoc|iPhoneSimulator
		{421B07C3-CC11-4FD1-B929-711AA5A57DFB}.Ad-Hoc|iPhone.ActiveCfg = Ad-Hoc|iPhone
		{421B07C3-CC11-4FD1-B929-711AA5A57DFB}.Ad-Hoc|iPhone.Build.0 = Ad-Hoc|iPhone
		{421B07C3-CC11-4FD1-B929-711AA5A57DFB}.Ad-Hoc|iPhoneSimulator.ActiveCfg = Ad-Hoc|iPhoneSimulator
		{421B07C3-CC11-4FD1-B929-711AA5A57DFB}.Ad-Hoc|iPhoneSimulator.Build.0 = Ad-Hoc|iPhoneSimulator
		{421B07C3-CC11-4FD1-B929-711AA5A57DFB}.AppStore|Any CPU.ActiveCfg = AppStore|iPhoneSimulator
		{421B07C3-CC11-4FD1-B929-711AA5A57DFB}.AppStore|iPhone.ActiveCfg = AppStore|iPhone
		{421B07C3-CC11-4FD1-B929-711AA5A57DFB}.AppStore|iPhone.Build.0 = AppStore|iPhone
		{421B07C3-CC11-4FD1-B929-711AA5A57DFB}.AppStore|iPhoneSimulator.ActiveCfg = AppStore|iPhoneSimulator
		{421B07C3-CC11-4FD1-B929-711AA5A57DFB}.AppStore|iPhoneSimulator.Build.0 = AppStore|iPhoneSimulator
		{421B07C3-CC11-4FD1-B929-711AA5A57DFB}.Debug|Any CPU.ActiveCfg = Debug|iPhoneSimulator
		{421B07C3-CC11-4FD1-B929-711AA5A57DFB}.Debug|iPhone.ActiveCfg = Debug|iPhone
		{421B07C3-CC11-4FD1-B929-711AA5A57DFB}.Debug|iPhone.Build.0 = Debug|iPhone
		{421B07C3-CC11-4FD1-B929-711AA5A57DFB}.Debug|iPhoneSimulator.ActiveCfg = Debug|iPhoneSimulator
		{421B07C3-CC11-4FD1-B929-711AA5A57DFB}.Debug|iPhoneSimulator.Build.0 = Debug|iPhoneSimulator
		{421B07C3-CC11-4FD1-B929-711AA5A57DFB}.Release|Any CPU.ActiveCfg = Release|iPhoneSimulator
		{421B07C3-CC11-4FD1-B929-711AA5A57DFB}.Release|iPhone.ActiveCfg = Release|iPhone
		{421B07C3-CC11-4FD1-B929-711AA5A57DFB}.Release|iPhone.Build.0 = Release|iPhone
		{421B07C3-CC11-4FD1-B929-711AA5A57DFB}.Release|iPhoneSimulator.ActiveCfg = Release|iPhoneSimulator
		{421B07C3-CC11-4FD1-B929-711AA5A57DFB}.Release|iPhoneSimulator.Build.0 = Release|iPhoneSimulator
		{44D31BB3-5C76-4458-A3D0-0ECE60156D1E}.Ad-Hoc|Any CPU.ActiveCfg = Release|Any CPU
		{44D31BB3-5C76-4458-A3D0-0ECE60156D1E}.Ad-Hoc|Any CPU.Build.0 = Release|Any CPU
		{44D31BB3-5C76-4458-A3D0-0ECE60156D1E}.Ad-Hoc|iPhone.ActiveCfg = Release|Any CPU
		{44D31BB3-5C76-4458-A3D0-0ECE60156D1E}.Ad-Hoc|iPhone.Build.0 = Release|Any CPU
		{44D31BB3-5C76-4458-A3D0-0ECE60156D1E}.Ad-Hoc|iPhoneSimulator.ActiveCfg = Release|Any CPU
		{44D31BB3-5C76-4458-A3D0-0ECE60156D1E}.Ad-Hoc|iPhoneSimulator.Build.0 = Release|Any CPU
		{44D31BB3-5C76-4458-A3D0-0ECE60156D1E}.AppStore|Any CPU.ActiveCfg = Release|Any CPU
		{44D31BB3-5C76-4458-A3D0-0ECE60156D1E}.AppStore|Any CPU.Build.0 = Release|Any CPU
		{44D31BB3-5C76-4458-A3D0-0ECE60156D1E}.AppStore|iPhone.ActiveCfg = Release|Any CPU
		{44D31BB3-5C76-4458-A3D0-0ECE60156D1E}.AppStore|iPhone.Build.0 = Release|Any CPU
		{44D31BB3-5C76-4458-A3D0-0ECE60156D1E}.AppStore|iPhoneSimulator.ActiveCfg = Release|Any CPU
		{44D31BB3-5C76-4458-A3D0-0ECE60156D1E}.AppStore|iPhoneSimulator.Build.0 = Release|Any CPU
		{44D31BB3-5C76-4458-A3D0-0ECE60156D1E}.Debug|Any CPU.ActiveCfg = Debug|Any CPU
		{44D31BB3-5C76-4458-A3D0-0ECE60156D1E}.Debug|Any CPU.Build.0 = Debug|Any CPU
		{44D31BB3-5C76-4458-A3D0-0ECE60156D1E}.Debug|iPhone.ActiveCfg = Debug|Any CPU
		{44D31BB3-5C76-4458-A3D0-0ECE60156D1E}.Debug|iPhone.Build.0 = Debug|Any CPU
		{44D31BB3-5C76-4458-A3D0-0ECE60156D1E}.Debug|iPhoneSimulator.ActiveCfg = Debug|Any CPU
		{44D31BB3-5C76-4458-A3D0-0ECE60156D1E}.Debug|iPhoneSimulator.Build.0 = Debug|Any CPU
		{44D31BB3-5C76-4458-A3D0-0ECE60156D1E}.Release|Any CPU.ActiveCfg = Release|Any CPU
		{44D31BB3-5C76-4458-A3D0-0ECE60156D1E}.Release|Any CPU.Build.0 = Release|Any CPU
		{44D31BB3-5C76-4458-A3D0-0ECE60156D1E}.Release|iPhone.ActiveCfg = Release|Any CPU
		{44D31BB3-5C76-4458-A3D0-0ECE60156D1E}.Release|iPhone.Build.0 = Release|Any CPU
		{44D31BB3-5C76-4458-A3D0-0ECE60156D1E}.Release|iPhoneSimulator.ActiveCfg = Release|Any CPU
		{44D31BB3-5C76-4458-A3D0-0ECE60156D1E}.Release|iPhoneSimulator.Build.0 = Release|Any CPU
	EndGlobalSection
	GlobalSection(SolutionProperties) = preSolution
		HideSolutionNode = FALSE
	EndGlobalSection
EndGlobal
